
Microsoft Visual Studio Solution File, Format Version 12.00
# Visual Studio Version 16
VisualStudioVersion = 25.0.1706.7
MinimumVisualStudioVersion = 10.0.40219.1
Project("{FAE04EC0-301F-11D3-BF4B-00C04F79EFBC}") = "SacramentPlanner", "SacramentPlanner.csproj", "{1F6D78F7-ABCC-4051-8A48-583B3F000A49}"
EndProject
Global
	GlobalSection(SolutionConfigurationPlatforms) = preSolution
		Debug|Any CPU = Debug|Any CPU
		Release|Any CPU = Release|Any CPU
	EndGlobalSection
	GlobalSection(ProjectConfigurationPlatforms) = postSolution
		{1F6D78F7-ABCC-4051-8A48-583B3F000A49}.Debug|Any CPU.ActiveCfg = Debug|Any CPU
		{1F6D78F7-ABCC-4051-8A48-583B3F000A49}.Debug|Any CPU.Build.0 = Debug|Any CPU
		{1F6D78F7-ABCC-4051-8A48-583B3F000A49}.Release|Any CPU.ActiveCfg = Release|Any CPU
		{1F6D78F7-ABCC-4051-8A48-583B3F000A49}.Release|Any CPU.Build.0 = Release|Any CPU
	EndGlobalSection
	GlobalSection(SolutionProperties) = preSolution
		HideSolutionNode = FALSE
	EndGlobalSection
	GlobalSection(ExtensibilityGlobals) = postSolution
		SolutionGuid = {71B046E3-B396-4FF6-BD5E-CF3118DAC699}
	EndGlobalSection
EndGlobal
